
Microsoft Visual Studio Solution File, Format Version 12.00
# Visual Studio Version 17
VisualStudioVersion = 17.8.34330.188
MinimumVisualStudioVersion = 10.0.40219.1
Project("{FAE04EC0-301F-11D3-BF4B-00C04F79EFBC}") = "Retrieve_student_data", "Retrieve_student_data\Retrieve_student_data.csproj", "{3324F5C3-DAFC-4B8E-BBC4-93509D63A23D}"
EndProject
Global
	GlobalSection(SolutionConfigurationPlatforms) = preSolution
		Debug|Any CPU = Debug|Any CPU
		Release|Any CPU = Release|Any CPU
	EndGlobalSection
	GlobalSection(ProjectConfigurationPlatforms) = postSolution
		{3324F5C3-DAFC-4B8E-BBC4-93509D63A23D}.Debug|Any CPU.ActiveCfg = Debug|Any CPU
		{3324F5C3-DAFC-4B8E-BBC4-93509D63A23D}.Debug|Any CPU.Build.0 = Debug|Any CPU
		{3324F5C3-DAFC-4B8E-BBC4-93509D63A23D}.Release|Any CPU.ActiveCfg = Release|Any CPU
		{3324F5C3-DAFC-4B8E-BBC4-93509D63A23D}.Release|Any CPU.Build.0 = Release|Any CPU
	EndGlobalSection
	GlobalSection(SolutionProperties) = preSolution
		HideSolutionNode = FALSE
	EndGlobalSection
	GlobalSection(ExtensibilityGlobals) = postSolution
		SolutionGuid = {F01F1043-2E52-4A7E-A231-FFAACE72F8CB}
	EndGlobalSection
EndGlobal
